# THIS IS AN AUTOGENERATED FILE. DO NOT EDIT THIS FILE DIRECTLY.
# yarn lockfile v1


"@preact/signals-core@^1.4.0":
  version "1.5.0"
  resolved "https://registry.yarnpkg.com/@preact/signals-core/-/signals-core-1.5.0.tgz#5d34db4d3c242c93e1cefb7ce8b2d10ecbdbfa79"
  integrity sha512-U2diO1Z4i1n2IoFgMYmRdHWGObNrcuTRxyNEn7deSq2cru0vj0583HYQZHsAqcs7FE+hQyX3mjIV7LAfHCvy8w==

"@preact/signals-react@^1.3.6":
  version "1.3.6"
  resolved "https://registry.yarnpkg.com/@preact/signals-react/-/signals-react-1.3.6.tgz#aa91b690669a1a7537df689cd0c69f9661f766e4"
  integrity sha512-jr/4lhcRo5W3hfieCJGDPbxq3YjfZDvpmTcisJ+lRhjWvnoYrgMKBoTiLsFPACO8VIEATaIBZXYiGAV08YvnfQ==
  dependencies:
    "@preact/signals-core" "^1.4.0"
    use-sync-external-store "^1.2.0"

dayjs@^1.11.10:
  version "1.11.10"
  resolved "https://registry.yarnpkg.com/dayjs/-/dayjs-1.11.10.tgz#68acea85317a6e164457d6d6947564029a6a16a0"
  integrity sha512-vjAczensTgRcqDERK0SR2XMwsF/tSvnvlv6VcF2GIhg6Sx4yOIt/irsr1RDJsKiIyBzJDpCoXiWWq28MqH2cnQ==

use-sync-external-store@^1.2.0:
  version "1.2.0"
  resolved "https://registry.yarnpkg.com/use-sync-external-store/-/use-sync-external-store-1.2.0.tgz#7dbefd6ef3fe4e767a0cf5d7287aacfb5846928a"
  integrity sha512-eEgnFxGQ1Ife9bzYs6VLi8/4X6CObHMw9Qr9tPY43iKwsPw8xE8+EFsf/2cFZ5S3esXgpWgtSCtLNS41F+sKPA==
